// !$*UTF8*$!
{
	archiveVersion = 1;
	classes = {
	};
	objectVersion = 56;
	objects = {

/* Begin PBXBuildFile section */
		CE2B01E92C41A0570085BF39 /* MalltiverseApp.swift in Sources */ = {isa = PBXBuildFile; fileRef = CE2B01E82C41A0570085BF39 /* MalltiverseApp.swift */; };
		CE2B01ED2C41A05E0085BF39 /* Assets.xcassets in Resources */ = {isa = PBXBuildFile; fileRef = CE2B01EC2C41A05E0085BF39 /* Assets.xcassets */; };
		CE2B01F02C41A05E0085BF39 /* Preview Assets.xcassets in Resources */ = {isa = PBXBuildFile; fileRef = CE2B01EF2C41A05E0085BF39 /* Preview Assets.xcassets */; };
		CE2B02022C41A0B90085BF39 /* ProductCard.swift in Sources */ = {isa = PBXBuildFile; fileRef = CE2B01F82C41A0B80085BF39 /* ProductCard.swift */; };
		CE2B02032C41A0B90085BF39 /* PrimaryButton.swift in Sources */ = {isa = PBXBuildFile; fileRef = CE2B01F92C41A0B80085BF39 /* PrimaryButton.swift */; };
		CE2B02042C41A0B90085BF39 /* AddButton.swift in Sources */ = {isa = PBXBuildFile; fileRef = CE2B01FA2C41A0B80085BF39 /* AddButton.swift */; };
		CE2B02052C41A0B90085BF39 /* Toast.swift in Sources */ = {isa = PBXBuildFile; fileRef = CE2B01FB2C41A0B80085BF39 /* Toast.swift */; };
		CE2B02062C41A0B90085BF39 /* HomeView.swift in Sources */ = {isa = PBXBuildFile; fileRef = CE2B01FE2C41A0B80085BF39 /* HomeView.swift */; };
		CE2B02072C41A0B90085BF39 /* ViewModel.swift in Sources */ = {isa = PBXBuildFile; fileRef = CE2B01FF2C41A0B80085BF39 /* ViewModel.swift */; };
		CE2B02082C41A0B90085BF39 /* DetailView.swift in Sources */ = {isa = PBXBuildFile; fileRef = CE2B02012C41A0B80085BF39 /* DetailView.swift */; };
		CE2B020E2C41A0C50085BF39 /* PhotoModel.swift in Sources */ = {isa = PBXBuildFile; fileRef = CE2B020A2C41A0C50085BF39 /* PhotoModel.swift */; };
		CE2B020F2C41A0C50085BF39 /* ProductsModel.swift in Sources */ = {isa = PBXBuildFile; fileRef = CE2B020B2C41A0C50085BF39 /* ProductsModel.swift */; };
		CE2B02102C41A0C50085BF39 /* PriceModel.swift in Sources */ = {isa = PBXBuildFile; fileRef = CE2B020C2C41A0C50085BF39 /* PriceModel.swift */; };
		CE2B02112C41A0C50085BF39 /* ItemsModel.swift in Sources */ = {isa = PBXBuildFile; fileRef = CE2B020D2C41A0C50085BF39 /* ItemsModel.swift */; };
		CE2B02142C41A0CF0085BF39 /* GetProducts.swift in Sources */ = {isa = PBXBuildFile; fileRef = CE2B02132C41A0CF0085BF39 /* GetProducts.swift */; };
		CE2B02182C41A0D70085BF39 /* AppErrors.swift in Sources */ = {isa = PBXBuildFile; fileRef = CE2B02172C41A0D70085BF39 /* AppErrors.swift */; };
		CE355B9B2C42E28D00898965 /* CheckoutSuccess.swift in Sources */ = {isa = PBXBuildFile; fileRef = CE355B9A2C42E28D00898965 /* CheckoutSuccess.swift */; };
		CE355B9E2C42E74E00898965 /* Lottie in Frameworks */ = {isa = PBXBuildFile; productRef = CE355B9D2C42E74E00898965 /* Lottie */; };
		CE355BA12C43126D00898965 /* PaymentView.swift in Sources */ = {isa = PBXBuildFile; fileRef = CE355BA02C43126D00898965 /* PaymentView.swift */; };
		CEDD6DF22C41DF0C00751024 /* CategoryModel.swift in Sources */ = {isa = PBXBuildFile; fileRef = CEDD6DF12C41DF0C00751024 /* CategoryModel.swift */; };
		CEDD6DF62C41E6AF00751024 /* ProductRating.swift in Sources */ = {isa = PBXBuildFile; fileRef = CEDD6DF52C41E6AF00751024 /* ProductRating.swift */; };
		CEDD6DF82C41EE8100751024 /* HeadPhoneCard.swift in Sources */ = {isa = PBXBuildFile; fileRef = CEDD6DF72C41EE8100751024 /* HeadPhoneCard.swift */; };
		CEDD6DFA2C41F33B00751024 /* AppTabView.swift in Sources */ = {isa = PBXBuildFile; fileRef = CEDD6DF92C41F33B00751024 /* AppTabView.swift */; };
		CEDD6DFC2C41F46200751024 /* CustomTabView.swift in Sources */ = {isa = PBXBuildFile; fileRef = CEDD6DFB2C41F46200751024 /* CustomTabView.swift */; };
		CEE6017A2C4253CE00C960A1 /* CartView.swift in Sources */ = {isa = PBXBuildFile; fileRef = CEE601792C4253CE00C960A1 /* CartView.swift */; };
		CEE6017C2C42549400C960A1 /* CartViewModel.swift in Sources */ = {isa = PBXBuildFile; fileRef = CEE6017B2C42549400C960A1 /* CartViewModel.swift */; };
		CEE6017E2C42B86E00C960A1 /* CustomAppBar.swift in Sources */ = {isa = PBXBuildFile; fileRef = CEE6017D2C42B86E00C960A1 /* CustomAppBar.swift */; };
		CEE601802C42D04000C960A1 /* ShoppingSummary.swift in Sources */ = {isa = PBXBuildFile; fileRef = CEE6017F2C42D04000C960A1 /* ShoppingSummary.swift */; };
		CEE601832C42DBEA00C960A1 /* CheckoutView.swift in Sources */ = {isa = PBXBuildFile; fileRef = CEE601822C42DBEA00C960A1 /* CheckoutView.swift */; };
		CEF0C4BE2C49437600D1E118 /* BookmarksView.swift in Sources */ = {isa = PBXBuildFile; fileRef = CEF0C4BD2C49437600D1E118 /* BookmarksView.swift */; };
		CEF0C4C12C49438900D1E118 /* HistoryView.swift in Sources */ = {isa = PBXBuildFile; fileRef = CEF0C4C02C49438900D1E118 /* HistoryView.swift */; };
		CEF0C4C32C496C2600D1E118 /* KeyboardAwareModifier.swift in Sources */ = {isa = PBXBuildFile; fileRef = CEF0C4C22C496C2600D1E118 /* KeyboardAwareModifier.swift */; };
		CEF1028A2C4D2C56002D5F48 /* BadgeView.swift in Sources */ = {isa = PBXBuildFile; fileRef = CEF102892C4D2C56002D5F48 /* BadgeView.swift */; };
/* End PBXBuildFile section */

/* Begin PBXFileReference section */
		CE2B01E52C41A0570085BF39 /* Malltiverse.app */ = {isa = PBXFileReference; explicitFileType = wrapper.application; includeInIndex = 0; path = Malltiverse.app; sourceTree = BUILT_PRODUCTS_DIR; };
		CE2B01E82C41A0570085BF39 /* MalltiverseApp.swift */ = {isa = PBXFileReference; lastKnownFileType = sourcecode.swift; path = MalltiverseApp.swift; sourceTree = "<group>"; };
		CE2B01EC2C41A05E0085BF39 /* Assets.xcassets */ = {isa = PBXFileReference; lastKnownFileType = folder.assetcatalog; path = Assets.xcassets; sourceTree = "<group>"; };
		CE2B01EF2C41A05E0085BF39 /* Preview Assets.xcassets */ = {isa = PBXFileReference; lastKnownFileType = folder.assetcatalog; path = "Preview Assets.xcassets"; sourceTree = "<group>"; };
		CE2B01F82C41A0B80085BF39 /* ProductCard.swift */ = {isa = PBXFileReference; fileEncoding = 4; lastKnownFileType = sourcecode.swift; path = ProductCard.swift; sourceTree = "<group>"; };
		CE2B01F92C41A0B80085BF39 /* PrimaryButton.swift */ = {isa = PBXFileReference; fileEncoding = 4; lastKnownFileType = sourcecode.swift; path = PrimaryButton.swift; sourceTree = "<group>"; };
		CE2B01FA2C41A0B80085BF39 /* AddButton.swift */ = {isa = PBXFileReference; fileEncoding = 4; lastKnownFileType = sourcecode.swift; path = AddButton.swift; sourceTree = "<group>"; };
		CE2B01FB2C41A0B80085BF39 /* Toast.swift */ = {isa = PBXFileReference; fileEncoding = 4; lastKnownFileType = sourcecode.swift; path = Toast.swift; sourceTree = "<group>"; };
		CE2B01FE2C41A0B80085BF39 /* HomeView.swift */ = {isa = PBXFileReference; fileEncoding = 4; lastKnownFileType = sourcecode.swift; path = HomeView.swift; sourceTree = "<group>"; };
		CE2B01FF2C41A0B80085BF39 /* ViewModel.swift */ = {isa = PBXFileReference; fileEncoding = 4; lastKnownFileType = sourcecode.swift; path = ViewModel.swift; sourceTree = "<group>"; };
		CE2B02012C41A0B80085BF39 /* DetailView.swift */ = {isa = PBXFileReference; fileEncoding = 4; lastKnownFileType = sourcecode.swift; path = DetailView.swift; sourceTree = "<group>"; };
		CE2B020A2C41A0C50085BF39 /* PhotoModel.swift */ = {isa = PBXFileReference; fileEncoding = 4; lastKnownFileType = sourcecode.swift; path = PhotoModel.swift; sourceTree = "<group>"; };
		CE2B020B2C41A0C50085BF39 /* ProductsModel.swift */ = {isa = PBXFileReference; fileEncoding = 4; lastKnownFileType = sourcecode.swift; path = ProductsModel.swift; sourceTree = "<group>"; };
		CE2B020C2C41A0C50085BF39 /* PriceModel.swift */ = {isa = PBXFileReference; fileEncoding = 4; lastKnownFileType = sourcecode.swift; path = PriceModel.swift; sourceTree = "<group>"; };
		CE2B020D2C41A0C50085BF39 /* ItemsModel.swift */ = {isa = PBXFileReference; fileEncoding = 4; lastKnownFileType = sourcecode.swift; path = ItemsModel.swift; sourceTree = "<group>"; };
		CE2B02132C41A0CF0085BF39 /* GetProducts.swift */ = {isa = PBXFileReference; fileEncoding = 4; lastKnownFileType = sourcecode.swift; path = GetProducts.swift; sourceTree = "<group>"; };
		CE2B02172C41A0D70085BF39 /* AppErrors.swift */ = {isa = PBXFileReference; fileEncoding = 4; lastKnownFileType = sourcecode.swift; path = AppErrors.swift; sourceTree = "<group>"; };
		CE355B9A2C42E28D00898965 /* CheckoutSuccess.swift */ = {isa = PBXFileReference; lastKnownFileType = sourcecode.swift; path = CheckoutSuccess.swift; sourceTree = "<group>"; };
		CE355BA02C43126D00898965 /* PaymentView.swift */ = {isa = PBXFileReference; lastKnownFileType = sourcecode.swift; path = PaymentView.swift; sourceTree = "<group>"; };
		CEDD6DF12C41DF0C00751024 /* CategoryModel.swift */ = {isa = PBXFileReference; lastKnownFileType = sourcecode.swift; path = CategoryModel.swift; sourceTree = "<group>"; };
		CEDD6DF52C41E6AF00751024 /* ProductRating.swift */ = {isa = PBXFileReference; lastKnownFileType = sourcecode.swift; path = ProductRating.swift; sourceTree = "<group>"; };
		CEDD6DF72C41EE8100751024 /* HeadPhoneCard.swift */ = {isa = PBXFileReference; lastKnownFileType = sourcecode.swift; path = HeadPhoneCard.swift; sourceTree = "<group>"; };
		CEDD6DF92C41F33B00751024 /* AppTabView.swift */ = {isa = PBXFileReference; lastKnownFileType = sourcecode.swift; path = AppTabView.swift; sourceTree = "<group>"; };
		CEDD6DFB2C41F46200751024 /* CustomTabView.swift */ = {isa = PBXFileReference; lastKnownFileType = sourcecode.swift; path = CustomTabView.swift; sourceTree = "<group>"; };
		CEE601792C4253CE00C960A1 /* CartView.swift */ = {isa = PBXFileReference; lastKnownFileType = sourcecode.swift; path = CartView.swift; sourceTree = "<group>"; };
		CEE6017B2C42549400C960A1 /* CartViewModel.swift */ = {isa = PBXFileReference; lastKnownFileType = sourcecode.swift; path = CartViewModel.swift; sourceTree = "<group>"; };
		CEE6017D2C42B86E00C960A1 /* CustomAppBar.swift */ = {isa = PBXFileReference; lastKnownFileType = sourcecode.swift; path = CustomAppBar.swift; sourceTree = "<group>"; };
		CEE6017F2C42D04000C960A1 /* ShoppingSummary.swift */ = {isa = PBXFileReference; lastKnownFileType = sourcecode.swift; path = ShoppingSummary.swift; sourceTree = "<group>"; };
		CEE601822C42DBEA00C960A1 /* CheckoutView.swift */ = {isa = PBXFileReference; lastKnownFileType = sourcecode.swift; path = CheckoutView.swift; sourceTree = "<group>"; };
		CEF0C4BD2C49437600D1E118 /* BookmarksView.swift */ = {isa = PBXFileReference; lastKnownFileType = sourcecode.swift; path = BookmarksView.swift; sourceTree = "<group>"; };
		CEF0C4C02C49438900D1E118 /* HistoryView.swift */ = {isa = PBXFileReference; lastKnownFileType = sourcecode.swift; path = HistoryView.swift; sourceTree = "<group>"; };
		CEF0C4C22C496C2600D1E118 /* KeyboardAwareModifier.swift */ = {isa = PBXFileReference; lastKnownFileType = sourcecode.swift; path = KeyboardAwareModifier.swift; sourceTree = "<group>"; };
		CEF102892C4D2C56002D5F48 /* BadgeView.swift */ = {isa = PBXFileReference; lastKnownFileType = sourcecode.swift; path = BadgeView.swift; sourceTree = "<group>"; };
/* End PBXFileReference section */

/* Begin PBXFrameworksBuildPhase section */
		CE2B01E22C41A0570085BF39 /* Frameworks */ = {
			isa = PBXFrameworksBuildPhase;
			buildActionMask = 2147483647;
			files = (
				CE355B9E2C42E74E00898965 /* Lottie in Frameworks */,
			);
			runOnlyForDeploymentPostprocessing = 0;
		};
/* End PBXFrameworksBuildPhase section */

/* Begin PBXGroup section */
		CE2B01DC2C41A0570085BF39 = {
			isa = PBXGroup;
			children = (
				CE2B01E72C41A0570085BF39 /* Malltiverse */,
				CE2B01E62C41A0570085BF39 /* Products */,
			);
			sourceTree = "<group>";
		};
		CE2B01E62C41A0570085BF39 /* Products */ = {
			isa = PBXGroup;
			children = (
				CE2B01E52C41A0570085BF39 /* Malltiverse.app */,
			);
			name = Products;
			sourceTree = "<group>";
		};
		CE2B01E72C41A0570085BF39 /* Malltiverse */ = {
			isa = PBXGroup;
			children = (
				CE2B01F62C41A0B80085BF39 /* UI */,
				CE2B02092C41A0C50085BF39 /* Models */,
				CE2B02122C41A0CF0085BF39 /* Services */,
				CE2B02152C41A0D70085BF39 /* Utilities */,
				CE2B01E82C41A0570085BF39 /* MalltiverseApp.swift */,
				CE2B01EC2C41A05E0085BF39 /* Assets.xcassets */,
				CE2B01EE2C41A05E0085BF39 /* Preview Content */,
			);
			path = Malltiverse;
			sourceTree = "<group>";
		};
		CE2B01EE2C41A05E0085BF39 /* Preview Content */ = {
			isa = PBXGroup;
			children = (
				CE2B01EF2C41A05E0085BF39 /* Preview Assets.xcassets */,
			);
			path = "Preview Content";
			sourceTree = "<group>";
		};
		CE2B01F62C41A0B80085BF39 /* UI */ = {
			isa = PBXGroup;
			children = (
				CE2B01F72C41A0B80085BF39 /* Components */,
				CE2B01FC2C41A0B80085BF39 /* Views */,
			);
			path = UI;
			sourceTree = "<group>";
		};
		CE2B01F72C41A0B80085BF39 /* Components */ = {
			isa = PBXGroup;
			children = (
				CE2B01F82C41A0B80085BF39 /* ProductCard.swift */,
				CE2B01F92C41A0B80085BF39 /* PrimaryButton.swift */,
				CE2B01FA2C41A0B80085BF39 /* AddButton.swift */,
				CE2B01FB2C41A0B80085BF39 /* Toast.swift */,
				CEDD6DF52C41E6AF00751024 /* ProductRating.swift */,
				CEDD6DF72C41EE8100751024 /* HeadPhoneCard.swift */,
				CEDD6DFB2C41F46200751024 /* CustomTabView.swift */,
				CEE6017D2C42B86E00C960A1 /* CustomAppBar.swift */,
				CEE6017F2C42D04000C960A1 /* ShoppingSummary.swift */,
				CEF102892C4D2C56002D5F48 /* BadgeView.swift */,
			);
			path = Components;
			sourceTree = "<group>";
		};
		CE2B01FC2C41A0B80085BF39 /* Views */ = {
			isa = PBXGroup;
			children = (
				CEF0C4BF2C49437A00D1E118 /* History */,
				CEF0C4BC2C49436000D1E118 /* Bookmarks */,
				CE2B01FD2C41A0B80085BF39 /* Home */,
				CEE601782C4253A700C960A1 /* Cart */,
				CEE601812C42DBCF00C960A1 /* Checkout */,
				CE355B9F2C43125600898965 /* Payment */,
				CE2B02002C41A0B80085BF39 /* Detail */,
				CEDD6DF92C41F33B00751024 /* AppTabView.swift */,
			);
			path = Views;
			sourceTree = "<group>";
		};
		CE2B01FD2C41A0B80085BF39 /* Home */ = {
			isa = PBXGroup;
			children = (
				CE2B01FE2C41A0B80085BF39 /* HomeView.swift */,
				CE2B01FF2C41A0B80085BF39 /* ViewModel.swift */,
			);
			path = Home;
			sourceTree = "<group>";
		};
		CE2B02002C41A0B80085BF39 /* Detail */ = {
			isa = PBXGroup;
			children = (
				CE2B02012C41A0B80085BF39 /* DetailView.swift */,
			);
			path = Detail;
			sourceTree = "<group>";
		};
		CE2B02092C41A0C50085BF39 /* Models */ = {
			isa = PBXGroup;
			children = (
				CE2B020D2C41A0C50085BF39 /* ItemsModel.swift */,
				CE2B020A2C41A0C50085BF39 /* PhotoModel.swift */,
				CE2B020B2C41A0C50085BF39 /* ProductsModel.swift */,
				CE2B020C2C41A0C50085BF39 /* PriceModel.swift */,
				CEDD6DF12C41DF0C00751024 /* CategoryModel.swift */,
			);
			path = Models;
			sourceTree = "<group>";
		};
		CE2B02122C41A0CF0085BF39 /* Services */ = {
			isa = PBXGroup;
			children = (
				CE2B02132C41A0CF0085BF39 /* GetProducts.swift */,
			);
			path = Services;
			sourceTree = "<group>";
		};
		CE2B02152C41A0D70085BF39 /* Utilities */ = {
			isa = PBXGroup;
			children = (
				CE2B02162C41A0D70085BF39 /* Errors */,
				CEF0C4C22C496C2600D1E118 /* KeyboardAwareModifier.swift */,
			);
			path = Utilities;
			sourceTree = "<group>";
		};
		CE2B02162C41A0D70085BF39 /* Errors */ = {
			isa = PBXGroup;
			children = (
				CE2B02172C41A0D70085BF39 /* AppErrors.swift */,
			);
			path = Errors;
			sourceTree = "<group>";
		};
		CE355B9F2C43125600898965 /* Payment */ = {
			isa = PBXGroup;
			children = (
				CE355BA02C43126D00898965 /* PaymentView.swift */,
			);
			path = Payment;
			sourceTree = "<group>";
		};
		CEE601782C4253A700C960A1 /* Cart */ = {
			isa = PBXGroup;
			children = (
				CEE601792C4253CE00C960A1 /* CartView.swift */,
				CEE6017B2C42549400C960A1 /* CartViewModel.swift */,
			);
			path = Cart;
			sourceTree = "<group>";
		};
		CEE601812C42DBCF00C960A1 /* Checkout */ = {
			isa = PBXGroup;
			children = (
				CEE601822C42DBEA00C960A1 /* CheckoutView.swift */,
				CE355B9A2C42E28D00898965 /* CheckoutSuccess.swift */,
			);
			path = Checkout;
			sourceTree = "<group>";
		};
		CEF0C4BC2C49436000D1E118 /* Bookmarks */ = {
			isa = PBXGroup;
			children = (
				CEF0C4BD2C49437600D1E118 /* BookmarksView.swift */,
			);
			path = Bookmarks;
			sourceTree = "<group>";
		};
		CEF0C4BF2C49437A00D1E118 /* History */ = {
			isa = PBXGroup;
			children = (
				CEF0C4C02C49438900D1E118 /* HistoryView.swift */,
			);
			path = History;
			sourceTree = "<group>";
		};
/* End PBXGroup section */

/* Begin PBXNativeTarget section */
		CE2B01E42C41A0570085BF39 /* Malltiverse */ = {
			isa = PBXNativeTarget;
			buildConfigurationList = CE2B01F32C41A05E0085BF39 /* Build configuration list for PBXNativeTarget "Malltiverse" */;
			buildPhases = (
				CE2B01E12C41A0570085BF39 /* Sources */,
				CE2B01E22C41A0570085BF39 /* Frameworks */,
				CE2B01E32C41A0570085BF39 /* Resources */,
			);
			buildRules = (
			);
			dependencies = (
			);
			name = Malltiverse;
			packageProductDependencies = (
				CE355B9D2C42E74E00898965 /* Lottie */,
			);
			productName = Malltiverse;
			productReference = CE2B01E52C41A0570085BF39 /* Malltiverse.app */;
			productType = "com.apple.product-type.application";
		};
/* End PBXNativeTarget section */

/* Begin PBXProject section */
		CE2B01DD2C41A0570085BF39 /* Project object */ = {
			isa = PBXProject;
			attributes = {
				BuildIndependentTargetsInParallel = 1;
				LastSwiftUpdateCheck = 1500;
				LastUpgradeCheck = 1500;
				TargetAttributes = {
					CE2B01E42C41A0570085BF39 = {
						CreatedOnToolsVersion = 15.0.1;
					};
				};
			};
			buildConfigurationList = CE2B01E02C41A0570085BF39 /* Build configuration list for PBXProject "Malltiverse" */;
			compatibilityVersion = "Xcode 14.0";
			developmentRegion = en;
			hasScannedForEncodings = 0;
			knownRegions = (
				en,
				Base,
			);
			mainGroup = CE2B01DC2C41A0570085BF39;
			packageReferences = (
				CE355B9C2C42E74E00898965 /* XCRemoteSwiftPackageReference "lottie-ios" */,
			);
			productRefGroup = CE2B01E62C41A0570085BF39 /* Products */;
			projectDirPath = "";
			projectRoot = "";
			targets = (
				CE2B01E42C41A0570085BF39 /* Malltiverse */,
			);
		};
/* End PBXProject section */

/* Begin PBXResourcesBuildPhase section */
		CE2B01E32C41A0570085BF39 /* Resources */ = {
			isa = PBXResourcesBuildPhase;
			buildActionMask = 2147483647;
			files = (
				CE2B01F02C41A05E0085BF39 /* Preview Assets.xcassets in Resources */,
				CE2B01ED2C41A05E0085BF39 /* Assets.xcassets in Resources */,
			);
			runOnlyForDeploymentPostprocessing = 0;
		};
/* End PBXResourcesBuildPhase section */

/* Begin PBXSourcesBuildPhase section */
		CE2B01E12C41A0570085BF39 /* Sources */ = {
			isa = PBXSourcesBuildPhase;
			buildActionMask = 2147483647;
			files = (
				CE2B02082C41A0B90085BF39 /* DetailView.swift in Sources */,
				CE2B02062C41A0B90085BF39 /* HomeView.swift in Sources */,
				CEDD6DF82C41EE8100751024 /* HeadPhoneCard.swift in Sources */,
				CE2B02052C41A0B90085BF39 /* Toast.swift in Sources */,
				CE2B02112C41A0C50085BF39 /* ItemsModel.swift in Sources */,
				CE2B01E92C41A0570085BF39 /* MalltiverseApp.swift in Sources */,
				CEF1028A2C4D2C56002D5F48 /* BadgeView.swift in Sources */,
				CE2B02032C41A0B90085BF39 /* PrimaryButton.swift in Sources */,
				CEDD6DFC2C41F46200751024 /* CustomTabView.swift in Sources */,
				CEF0C4BE2C49437600D1E118 /* BookmarksView.swift in Sources */,
				CE355BA12C43126D00898965 /* PaymentView.swift in Sources */,
				CE2B02042C41A0B90085BF39 /* AddButton.swift in Sources */,
				CEE6017C2C42549400C960A1 /* CartViewModel.swift in Sources */,
				CE2B02072C41A0B90085BF39 /* ViewModel.swift in Sources */,
				CEE6017A2C4253CE00C960A1 /* CartView.swift in Sources */,
				CE2B020E2C41A0C50085BF39 /* PhotoModel.swift in Sources */,
				CE2B02022C41A0B90085BF39 /* ProductCard.swift in Sources */,
				CEE601832C42DBEA00C960A1 /* CheckoutView.swift in Sources */,
				CEE601802C42D04000C960A1 /* ShoppingSummary.swift in Sources */,
				CEF0C4C32C496C2600D1E118 /* KeyboardAwareModifier.swift in Sources */,
				CE2B020F2C41A0C50085BF39 /* ProductsModel.swift in Sources */,
				CE355B9B2C42E28D00898965 /* CheckoutSuccess.swift in Sources */,
				CE2B02182C41A0D70085BF39 /* AppErrors.swift in Sources */,
				CEF0C4C12C49438900D1E118 /* HistoryView.swift in Sources */,
				CEDD6DF62C41E6AF00751024 /* ProductRating.swift in Sources */,
				CE2B02142C41A0CF0085BF39 /* GetProducts.swift in Sources */,
				CEE6017E2C42B86E00C960A1 /* CustomAppBar.swift in Sources */,
				CEDD6DF22C41DF0C00751024 /* CategoryModel.swift in Sources */,
				CEDD6DFA2C41F33B00751024 /* AppTabView.swift in Sources */,
				CE2B02102C41A0C50085BF39 /* PriceModel.swift in Sources */,
			);
			runOnlyForDeploymentPostprocessing = 0;
		};
/* End PBXSourcesBuildPhase section */

/* Begin XCBuildConfiguration section */
		CE2B01F12C41A05E0085BF39 /* Debug */ = {
			isa = XCBuildConfiguration;
			buildSettings = {
				ALWAYS_SEARCH_USER_PATHS = NO;
				ASSETCATALOG_COMPILER_GENERATE_SWIFT_ASSET_SYMBOL_EXTENSIONS = YES;
				CLANG_ANALYZER_NONNULL = YES;
				CLANG_ANALYZER_NUMBER_OBJECT_CONVERSION = YES_AGGRESSIVE;
				CLANG_CXX_LANGUAGE_STANDARD = "gnu++20";
				CLANG_ENABLE_MODULES = YES;
				CLANG_ENABLE_OBJC_ARC = YES;
				CLANG_ENABLE_OBJC_WEAK = YES;
				CLANG_WARN_BLOCK_CAPTURE_AUTORELEASING = YES;
				CLANG_WARN_BOOL_CONVERSION = YES;
				CLANG_WARN_COMMA = YES;
				CLANG_WARN_CONSTANT_CONVERSION = YES;
				CLANG_WARN_DEPRECATED_OBJC_IMPLEMENTATIONS = YES;
				CLANG_WARN_DIRECT_OBJC_ISA_USAGE = YES_ERROR;
				CLANG_WARN_DOCUMENTATION_COMMENTS = YES;
				CLANG_WARN_EMPTY_BODY = YES;
				CLANG_WARN_ENUM_CONVERSION = YES;
				CLANG_WARN_INFINITE_RECURSION = YES;
				CLANG_WARN_INT_CONVERSION = YES;
				CLANG_WARN_NON_LITERAL_NULL_CONVERSION = YES;
				CLANG_WARN_OBJC_IMPLICIT_RETAIN_SELF = YES;
				CLANG_WARN_OBJC_LITERAL_CONVERSION = YES;
				CLANG_WARN_OBJC_ROOT_CLASS = YES_ERROR;
				CLANG_WARN_QUOTED_INCLUDE_IN_FRAMEWORK_HEADER = YES;
				CLANG_WARN_RANGE_LOOP_ANALYSIS = YES;
				CLANG_WARN_STRICT_PROTOTYPES = YES;
				CLANG_WARN_SUSPICIOUS_MOVE = YES;
				CLANG_WARN_UNGUARDED_AVAILABILITY = YES_AGGRESSIVE;
				CLANG_WARN_UNREACHABLE_CODE = YES;
				CLANG_WARN__DUPLICATE_METHOD_MATCH = YES;
				COPY_PHASE_STRIP = NO;
				DEBUG_INFORMATION_FORMAT = dwarf;
				ENABLE_STRICT_OBJC_MSGSEND = YES;
				ENABLE_TESTABILITY = YES;
				ENABLE_USER_SCRIPT_SANDBOXING = YES;
				GCC_C_LANGUAGE_STANDARD = gnu17;
				GCC_DYNAMIC_NO_PIC = NO;
				GCC_NO_COMMON_BLOCKS = YES;
				GCC_OPTIMIZATION_LEVEL = 0;
				GCC_PREPROCESSOR_DEFINITIONS = (
					"DEBUG=1",
					"$(inherited)",
				);
				GCC_WARN_64_TO_32_BIT_CONVERSION = YES;
				GCC_WARN_ABOUT_RETURN_TYPE = YES_ERROR;
				GCC_WARN_UNDECLARED_SELECTOR = YES;
				GCC_WARN_UNINITIALIZED_AUTOS = YES_AGGRESSIVE;
				GCC_WARN_UNUSED_FUNCTION = YES;
				GCC_WARN_UNUSED_VARIABLE = YES;
				IPHONEOS_DEPLOYMENT_TARGET = 17.0;
				LOCALIZATION_PREFERS_STRING_CATALOGS = YES;
				MTL_ENABLE_DEBUG_INFO = INCLUDE_SOURCE;
				MTL_FAST_MATH = YES;
				ONLY_ACTIVE_ARCH = YES;
				SDKROOT = iphoneos;
				SWIFT_ACTIVE_COMPILATION_CONDITIONS = "DEBUG $(inherited)";
				SWIFT_OPTIMIZATION_LEVEL = "-Onone";
			};
			name = Debug;
		};
		CE2B01F22C41A05E0085BF39 /* Release */ = {
			isa = XCBuildConfiguration;
			buildSettings = {
				ALWAYS_SEARCH_USER_PATHS = NO;
				ASSETCATALOG_COMPILER_GENERATE_SWIFT_ASSET_SYMBOL_EXTENSIONS = YES;
				CLANG_ANALYZER_NONNULL = YES;
				CLANG_ANALYZER_NUMBER_OBJECT_CONVERSION = YES_AGGRESSIVE;
				CLANG_CXX_LANGUAGE_STANDARD = "gnu++20";
				CLANG_ENABLE_MODULES = YES;
				CLANG_ENABLE_OBJC_ARC = YES;
				CLANG_ENABLE_OBJC_WEAK = YES;
				CLANG_WARN_BLOCK_CAPTURE_AUTORELEASING = YES;
				CLANG_WARN_BOOL_CONVERSION = YES;
				CLANG_WARN_COMMA = YES;
				CLANG_WARN_CONSTANT_CONVERSION = YES;
				CLANG_WARN_DEPRECATED_OBJC_IMPLEMENTATIONS = YES;
				CLANG_WARN_DIRECT_OBJC_ISA_USAGE = YES_ERROR;
				CLANG_WARN_DOCUMENTATION_COMMENTS = YES;
				CLANG_WARN_EMPTY_BODY = YES;
				CLANG_WARN_ENUM_CONVERSION = YES;
				CLANG_WARN_INFINITE_RECURSION = YES;
				CLANG_WARN_INT_CONVERSION = YES;
				CLANG_WARN_NON_LITERAL_NULL_CONVERSION = YES;
				CLANG_WARN_OBJC_IMPLICIT_RETAIN_SELF = YES;
				CLANG_WARN_OBJC_LITERAL_CONVERSION = YES;
				CLANG_WARN_OBJC_ROOT_CLASS = YES_ERROR;
				CLANG_WARN_QUOTED_INCLUDE_IN_FRAMEWORK_HEADER = YES;
				CLANG_WARN_RANGE_LOOP_ANALYSIS = YES;
				CLANG_WARN_STRICT_PROTOTYPES = YES;
				CLANG_WARN_SUSPICIOUS_MOVE = YES;
				CLANG_WARN_UNGUARDED_AVAILABILITY = YES_AGGRESSIVE;
				CLANG_WARN_UNREACHABLE_CODE = YES;
				CLANG_WARN__DUPLICATE_METHOD_MATCH = YES;
				COPY_PHASE_STRIP = NO;
				DEBUG_INFORMATION_FORMAT = "dwarf-with-dsym";
				ENABLE_NS_ASSERTIONS = NO;
				ENABLE_STRICT_OBJC_MSGSEND = YES;
				ENABLE_USER_SCRIPT_SANDBOXING = YES;
				GCC_C_LANGUAGE_STANDARD = gnu17;
				GCC_NO_COMMON_BLOCKS = YES;
				GCC_WARN_64_TO_32_BIT_CONVERSION = YES;
				GCC_WARN_ABOUT_RETURN_TYPE = YES_ERROR;
				GCC_WARN_UNDECLARED_SELECTOR = YES;
				GCC_WARN_UNINITIALIZED_AUTOS = YES_AGGRESSIVE;
				GCC_WARN_UNUSED_FUNCTION = YES;
				GCC_WARN_UNUSED_VARIABLE = YES;
				IPHONEOS_DEPLOYMENT_TARGET = 17.0;
				LOCALIZATION_PREFERS_STRING_CATALOGS = YES;
				MTL_ENABLE_DEBUG_INFO = NO;
				MTL_FAST_MATH = YES;
				SDKROOT = iphoneos;
				SWIFT_COMPILATION_MODE = wholemodule;
				VALIDATE_PRODUCT = YES;
			};
			name = Release;
		};
		CE2B01F42C41A05E0085BF39 /* Debug */ = {
			isa = XCBuildConfiguration;
			buildSettings = {
				ASSETCATALOG_COMPILER_APPICON_NAME = AppIcon;
				ASSETCATALOG_COMPILER_GLOBAL_ACCENT_COLOR_NAME = AccentColor;
				CODE_SIGN_STYLE = Automatic;
				CURRENT_PROJECT_VERSION = 1;
				DEVELOPMENT_ASSET_PATHS = "\"Malltiverse/Preview Content\"";
				DEVELOPMENT_TEAM = F2DAZJL548;
				ENABLE_PREVIEWS = YES;
				GENERATE_INFOPLIST_FILE = YES;
				INFOPLIST_KEY_UIApplicationSceneManifest_Generation = YES;
				INFOPLIST_KEY_UIApplicationSupportsIndirectInputEvents = YES;
				INFOPLIST_KEY_UILaunchScreen_Generation = YES;
				INFOPLIST_KEY_UISupportedInterfaceOrientations_iPad = "UIInterfaceOrientationPortrait UIInterfaceOrientationPortraitUpsideDown UIInterfaceOrientationLandscapeLeft UIInterfaceOrientationLandscapeRight";
				INFOPLIST_KEY_UISupportedInterfaceOrientations_iPhone = "UIInterfaceOrientationPortrait UIInterfaceOrientationLandscapeLeft UIInterfaceOrientationLandscapeRight";
				LD_RUNPATH_SEARCH_PATHS = (
					"$(inherited)",
					"@executable_path/Frameworks",
				);
				MARKETING_VERSION = 1.0;
				PRODUCT_BUNDLE_IDENTIFIER = com.godwin.Malltiverse;
				PRODUCT_NAME = "$(TARGET_NAME)";
				SWIFT_EMIT_LOC_STRINGS = YES;
				SWIFT_VERSION = 5.0;
				TARGETED_DEVICE_FAMILY = "1,2";
			};
			name = Debug;
		};
		CE2B01F52C41A05E0085BF39 /* Release */ = {
			isa = XCBuildConfiguration;
			buildSettings = {
				ASSETCATALOG_COMPILER_APPICON_NAME = AppIcon;
				ASSETCATALOG_COMPILER_GLOBAL_ACCENT_COLOR_NAME = AccentColor;
				CODE_SIGN_STYLE = Automatic;
				CURRENT_PROJECT_VERSION = 1;
				DEVELOPMENT_ASSET_PATHS = "\"Malltiverse/Preview Content\"";
				DEVELOPMENT_TEAM = F2DAZJL548;
				ENABLE_PREVIEWS = YES;
				GENERATE_INFOPLIST_FILE = YES;
				INFOPLIST_KEY_UIApplicationSceneManifest_Generation = YES;
				INFOPLIST_KEY_UIApplicationSupportsIndirectInputEvents = YES;
				INFOPLIST_KEY_UILaunchScreen_Generation = YES;
				INFOPLIST_KEY_UISupportedInterfaceOrientations_iPad = "UIInterfaceOrientationPortrait UIInterfaceOrientationPortraitUpsideDown UIInterfaceOrientationLandscapeLeft UIInterfaceOrientationLandscapeRight";
				INFOPLIST_KEY_UISupportedInterfaceOrientations_iPhone = "UIInterfaceOrientationPortrait UIInterfaceOrientationLandscapeLeft UIInterfaceOrientationLandscapeRight";
				LD_RUNPATH_SEARCH_PATHS = (
					"$(inherited)",
					"@executable_path/Frameworks",
				);
				MARKETING_VERSION = 1.0;
				PRODUCT_BUNDLE_IDENTIFIER = com.godwin.Malltiverse;
				PRODUCT_NAME = "$(TARGET_NAME)";
				SWIFT_EMIT_LOC_STRINGS = YES;
				SWIFT_VERSION = 5.0;
				TARGETED_DEVICE_FAMILY = "1,2";
			};
			name = Release;
		};
/* End XCBuildConfiguration section */

/* Begin XCConfigurationList section */
		CE2B01E02C41A0570085BF39 /* Build configuration list for PBXProject "Malltiverse" */ = {
			isa = XCConfigurationList;
			buildConfigurations = (
				CE2B01F12C41A05E0085BF39 /* Debug */,
				CE2B01F22C41A05E0085BF39 /* Release */,
			);
			defaultConfigurationIsVisible = 0;
			defaultConfigurationName = Release;
		};
		CE2B01F32C41A05E0085BF39 /* Build configuration list for PBXNativeTarget "Malltiverse" */ = {
			isa = XCConfigurationList;
			buildConfigurations = (
				CE2B01F42C41A05E0085BF39 /* Debug */,
				CE2B01F52C41A05E0085BF39 /* Release */,
			);
			defaultConfigurationIsVisible = 0;
			defaultConfigurationName = Release;
		};
/* End XCConfigurationList section */

/* Begin XCRemoteSwiftPackageReference section */
		CE355B9C2C42E74E00898965 /* XCRemoteSwiftPackageReference "lottie-ios" */ = {
			isa = XCRemoteSwiftPackageReference;
			repositoryURL = "https://github.com/airbnb/lottie-ios";
			requirement = {
				kind = upToNextMajorVersion;
				minimumVersion = 4.5.0;
			};
		};
/* End XCRemoteSwiftPackageReference section */

/* Begin XCSwiftPackageProductDependency section */
		CE355B9D2C42E74E00898965 /* Lottie */ = {
			isa = XCSwiftPackageProductDependency;
			package = CE355B9C2C42E74E00898965 /* XCRemoteSwiftPackageReference "lottie-ios" */;
			productName = Lottie;
		};
/* End XCSwiftPackageProductDependency section */
	};
	rootObject = CE2B01DD2C41A0570085BF39 /* Project object */;
}
